// !$*UTF8*$!
{
	archiveVersion = 1;
	classes = {
	};
	objectVersion = 55;
	objects = {

/* Begin PBXBuildFile section */
		A77A480A279D5BC1006BD5A2 /* FemhootApp.swift in Sources */ = {isa = PBXBuildFile; fileRef = A77A4809279D5BC1006BD5A2 /* FemhootApp.swift */; };
		A77A480C279D5BC1006BD5A2 /* ContentView.swift in Sources */ = {isa = PBXBuildFile; fileRef = A77A480B279D5BC1006BD5A2 /* ContentView.swift */; };
		A77A480E279D5BC5006BD5A2 /* Assets.xcassets in Resources */ = {isa = PBXBuildFile; fileRef = A77A480D279D5BC5006BD5A2 /* Assets.xcassets */; };
		A77A4811279D5BC5006BD5A2 /* Preview Assets.xcassets in Resources */ = {isa = PBXBuildFile; fileRef = A77A4810279D5BC5006BD5A2 /* Preview Assets.xcassets */; };
		A77A4818279D6679006BD5A2 /* ColorAsset.xcassets in Resources */ = {isa = PBXBuildFile; fileRef = A77A4817279D6678006BD5A2 /* ColorAsset.xcassets */; };
		A77A481D279D673D006BD5A2 /* ColorExtension.swift in Sources */ = {isa = PBXBuildFile; fileRef = A77A481C279D673D006BD5A2 /* ColorExtension.swift */; };
		A77A4825279D77E4006BD5A2 /* FactsView.swift in Sources */ = {isa = PBXBuildFile; fileRef = A77A4824279D77E4006BD5A2 /* FactsView.swift */; };
		A77A4828279D79A4006BD5A2 /* FactsViewModel.swift in Sources */ = {isa = PBXBuildFile; fileRef = A77A4827279D79A4006BD5A2 /* FactsViewModel.swift */; };
		A77A482B279D7B7C006BD5A2 /* Fact.swift in Sources */ = {isa = PBXBuildFile; fileRef = A77A482A279D7B7C006BD5A2 /* Fact.swift */; };
		A77A482F279D7F9F006BD5A2 /* facts.json in Resources */ = {isa = PBXBuildFile; fileRef = A77A482E279D7F9F006BD5A2 /* facts.json */; };
		A77A4831279D7FB3006BD5A2 /* JsonBundle.swift in Sources */ = {isa = PBXBuildFile; fileRef = A77A4830279D7FB3006BD5A2 /* JsonBundle.swift */; };
		A78BD88C279D931700ED4CFA /* questions.json in Resources */ = {isa = PBXBuildFile; fileRef = A78BD88B279D931700ED4CFA /* questions.json */; };
		FCDFE296279D6AE4001E491F /* LoginView.swift in Sources */ = {isa = PBXBuildFile; fileRef = FCDFE295279D6AE4001E491F /* LoginView.swift */; };
		FCDFE299279D74D3001E491F /* Lottie in Frameworks */ = {isa = PBXBuildFile; productRef = FCDFE298279D74D3001E491F /* Lottie */; };
		FCDFE29D279D7524001E491F /* LottieView.swift in Sources */ = {isa = PBXBuildFile; fileRef = FCDFE29C279D7524001E491F /* LottieView.swift */; };
		FCDFE2A0279D76FB001E491F /* apple.json in Resources */ = {isa = PBXBuildFile; fileRef = FCDFE29F279D76FB001E491F /* apple.json */; };
		FCDFE2A2279D7A2C001E491F /* UserView.swift in Sources */ = {isa = PBXBuildFile; fileRef = FCDFE2A1279D7A2C001E491F /* UserView.swift */; };
		FCDFE2A5279D7F50001E491F /* UserDataView.swift in Sources */ = {isa = PBXBuildFile; fileRef = FCDFE2A4279D7F50001E491F /* UserDataView.swift */; };
		FCDFE2A7279D7F7A001E491F /* FemhootView.swift in Sources */ = {isa = PBXBuildFile; fileRef = FCDFE2A6279D7F7A001E491F /* FemhootView.swift */; };
		FCDFE2A9279D8111001E491F /* NavigationExtension.swift in Sources */ = {isa = PBXBuildFile; fileRef = FCDFE2A8279D8111001E491F /* NavigationExtension.swift */; };
/* End PBXBuildFile section */

/* Begin PBXFileReference section */
		A77A4806279D5BC1006BD5A2 /* Femhoot.app */ = {isa = PBXFileReference; explicitFileType = wrapper.application; includeInIndex = 0; path = Femhoot.app; sourceTree = BUILT_PRODUCTS_DIR; };
		A77A4809279D5BC1006BD5A2 /* FemhootApp.swift */ = {isa = PBXFileReference; lastKnownFileType = sourcecode.swift; path = FemhootApp.swift; sourceTree = "<group>"; };
		A77A480B279D5BC1006BD5A2 /* ContentView.swift */ = {isa = PBXFileReference; lastKnownFileType = sourcecode.swift; path = ContentView.swift; sourceTree = "<group>"; };
		A77A480D279D5BC5006BD5A2 /* Assets.xcassets */ = {isa = PBXFileReference; lastKnownFileType = folder.assetcatalog; path = Assets.xcassets; sourceTree = "<group>"; };
		A77A4810279D5BC5006BD5A2 /* Preview Assets.xcassets */ = {isa = PBXFileReference; lastKnownFileType = folder.assetcatalog; path = "Preview Assets.xcassets"; sourceTree = "<group>"; };
		A77A4817279D6678006BD5A2 /* ColorAsset.xcassets */ = {isa = PBXFileReference; lastKnownFileType = folder.assetcatalog; path = ColorAsset.xcassets; sourceTree = "<group>"; };
		A77A481C279D673D006BD5A2 /* ColorExtension.swift */ = {isa = PBXFileReference; lastKnownFileType = sourcecode.swift; path = ColorExtension.swift; sourceTree = "<group>"; };
		A77A4824279D77E4006BD5A2 /* FactsView.swift */ = {isa = PBXFileReference; lastKnownFileType = sourcecode.swift; path = FactsView.swift; sourceTree = "<group>"; };
		A77A4827279D79A4006BD5A2 /* FactsViewModel.swift */ = {isa = PBXFileReference; lastKnownFileType = sourcecode.swift; path = FactsViewModel.swift; sourceTree = "<group>"; };
		A77A482A279D7B7C006BD5A2 /* Fact.swift */ = {isa = PBXFileReference; lastKnownFileType = sourcecode.swift; path = Fact.swift; sourceTree = "<group>"; };
		A77A482E279D7F9F006BD5A2 /* facts.json */ = {isa = PBXFileReference; fileEncoding = 4; lastKnownFileType = text.json; path = facts.json; sourceTree = "<group>"; };
		A77A4830279D7FB3006BD5A2 /* JsonBundle.swift */ = {isa = PBXFileReference; lastKnownFileType = sourcecode.swift; path = JsonBundle.swift; sourceTree = "<group>"; };
		A78BD88B279D931700ED4CFA /* questions.json */ = {isa = PBXFileReference; fileEncoding = 4; lastKnownFileType = text.json; path = questions.json; sourceTree = "<group>"; };
		FCDFE295279D6AE4001E491F /* LoginView.swift */ = {isa = PBXFileReference; lastKnownFileType = sourcecode.swift; path = LoginView.swift; sourceTree = "<group>"; };
		FCDFE29C279D7524001E491F /* LottieView.swift */ = {isa = PBXFileReference; lastKnownFileType = sourcecode.swift; path = LottieView.swift; sourceTree = "<group>"; };
		FCDFE29F279D76FB001E491F /* apple.json */ = {isa = PBXFileReference; fileEncoding = 4; lastKnownFileType = text.json; path = apple.json; sourceTree = "<group>"; };
		FCDFE2A1279D7A2C001E491F /* UserView.swift */ = {isa = PBXFileReference; lastKnownFileType = sourcecode.swift; path = UserView.swift; sourceTree = "<group>"; };
		FCDFE2A4279D7F50001E491F /* UserDataView.swift */ = {isa = PBXFileReference; lastKnownFileType = sourcecode.swift; path = UserDataView.swift; sourceTree = "<group>"; };
		FCDFE2A6279D7F7A001E491F /* FemhootView.swift */ = {isa = PBXFileReference; lastKnownFileType = sourcecode.swift; path = FemhootView.swift; sourceTree = "<group>"; };
		FCDFE2A8279D8111001E491F /* NavigationExtension.swift */ = {isa = PBXFileReference; lastKnownFileType = sourcecode.swift; path = NavigationExtension.swift; sourceTree = "<group>"; };
/* End PBXFileReference section */

/* Begin PBXFrameworksBuildPhase section */
		A77A4803279D5BC1006BD5A2 /* Frameworks */ = {
			isa = PBXFrameworksBuildPhase;
			buildActionMask = 2147483647;
			files = (
				FCDFE299279D74D3001E491F /* Lottie in Frameworks */,
			);
			runOnlyForDeploymentPostprocessing = 0;
		};
/* End PBXFrameworksBuildPhase section */

/* Begin PBXGroup section */
		A77A47FD279D5BC1006BD5A2 = {
			isa = PBXGroup;
			children = (
				A77A4808279D5BC1006BD5A2 /* Femhoot */,
				A77A4807279D5BC1006BD5A2 /* Products */,
			);
			sourceTree = "<group>";
		};
		A77A4807279D5BC1006BD5A2 /* Products */ = {
			isa = PBXGroup;
			children = (
				A77A4806279D5BC1006BD5A2 /* Femhoot.app */,
			);
			name = Products;
			sourceTree = "<group>";
		};
		A77A4808279D5BC1006BD5A2 /* Femhoot */ = {
			isa = PBXGroup;
			children = (
				FCDFE29E279D76EB001E491F /* Lottie */,
				FCDFE294279D6AD2001E491F /* ui */,
				A77A4829279D7B61006BD5A2 /* Entity */,
				A77A481A279D671E006BD5A2 /* Extension */,
				A77A4819279D667F006BD5A2 /* Asset */,
				A77A4809279D5BC1006BD5A2 /* FemhootApp.swift */,
				A77A480B279D5BC1006BD5A2 /* ContentView.swift */,
				A77A480F279D5BC5006BD5A2 /* Preview Content */,
			);
			path = Femhoot;
			sourceTree = "<group>";
		};
		A77A480F279D5BC5006BD5A2 /* Preview Content */ = {
			isa = PBXGroup;
			children = (
				A77A4810279D5BC5006BD5A2 /* Preview Assets.xcassets */,
			);
			path = "Preview Content";
			sourceTree = "<group>";
		};
		A77A4819279D667F006BD5A2 /* Asset */ = {
			isa = PBXGroup;
			children = (
				A77A480D279D5BC5006BD5A2 /* Assets.xcassets */,
				A77A4817279D6678006BD5A2 /* ColorAsset.xcassets */,
			);
			path = Asset;
			sourceTree = "<group>";
		};
		A77A481A279D671E006BD5A2 /* Extension */ = {
			isa = PBXGroup;
			children = (
				A77A481C279D673D006BD5A2 /* ColorExtension.swift */,
				FCDFE2A8279D8111001E491F /* NavigationExtension.swift */,
				A77A4830279D7FB3006BD5A2 /* JsonBundle.swift */,
			);
			path = Extension;
			sourceTree = "<group>";
		};
		A77A4823279D77D3006BD5A2 /* Facts */ = {
			isa = PBXGroup;
			children = (
				A77A482E279D7F9F006BD5A2 /* facts.json */,
				A77A4824279D77E4006BD5A2 /* FactsView.swift */,
				A77A4827279D79A4006BD5A2 /* FactsViewModel.swift */,
			);
			path = Facts;
			sourceTree = "<group>";
		};
		A77A4829279D7B61006BD5A2 /* Entity */ = {
			isa = PBXGroup;
			children = (
				A77A482A279D7B7C006BD5A2 /* Fact.swift */,
			);
			path = Entity;
			sourceTree = "<group>";
		};
		A78BD88A279D930F00ED4CFA /* Questions */ = {
			isa = PBXGroup;
			children = (
				A78BD88B279D931700ED4CFA /* questions.json */,
			);
			path = Questions;
			sourceTree = "<group>";
		};
		FCDFE294279D6AD2001E491F /* ui */ = {
			isa = PBXGroup;
			children = (
				A78BD88A279D930F00ED4CFA /* Questions */,
				A77A4823279D77D3006BD5A2 /* Facts */,
				FCDFE2A3279D7F3C001E491F /* user */,
				FCDFE29B279D7516001E491F /* animations */,
				FCDFE295279D6AE4001E491F /* LoginView.swift */,
				FCDFE2A1279D7A2C001E491F /* UserView.swift */,
				FCDFE2A6279D7F7A001E491F /* FemhootView.swift */,
			);
			path = ui;
			sourceTree = "<group>";
		};
		FCDFE29B279D7516001E491F /* animations */ = {
			isa = PBXGroup;
			children = (
				FCDFE29C279D7524001E491F /* LottieView.swift */,
			);
			path = animations;
			sourceTree = "<group>";
		};
		FCDFE29E279D76EB001E491F /* Lottie */ = {
			isa = PBXGroup;
			children = (
				FCDFE29F279D76FB001E491F /* apple.json */,
			);
			path = Lottie;
			sourceTree = "<group>";
		};
		FCDFE2A3279D7F3C001E491F /* user */ = {
			isa = PBXGroup;
			children = (
				FCDFE2A4279D7F50001E491F /* UserDataView.swift */,
			);
			path = user;
			sourceTree = "<group>";
		};
/* End PBXGroup section */

/* Begin PBXNativeTarget section */
		A77A4805279D5BC1006BD5A2 /* Femhoot */ = {
			isa = PBXNativeTarget;
			buildConfigurationList = A77A4814279D5BC5006BD5A2 /* Build configuration list for PBXNativeTarget "Femhoot" */;
			buildPhases = (
				A77A4802279D5BC1006BD5A2 /* Sources */,
				A77A4803279D5BC1006BD5A2 /* Frameworks */,
				A77A4804279D5BC1006BD5A2 /* Resources */,
			);
			buildRules = (
			);
			dependencies = (
			);
			name = Femhoot;
			packageProductDependencies = (
				FCDFE298279D74D3001E491F /* Lottie */,
			);
			productName = Femhoot;
			productReference = A77A4806279D5BC1006BD5A2 /* Femhoot.app */;
			productType = "com.apple.product-type.application";
		};
/* End PBXNativeTarget section */

/* Begin PBXProject section */
		A77A47FE279D5BC1006BD5A2 /* Project object */ = {
			isa = PBXProject;
			attributes = {
				BuildIndependentTargetsInParallel = 1;
				LastSwiftUpdateCheck = 1300;
				LastUpgradeCheck = 1300;
				TargetAttributes = {
					A77A4805279D5BC1006BD5A2 = {
						CreatedOnToolsVersion = 13.0;
					};
				};
			};
			buildConfigurationList = A77A4801279D5BC1006BD5A2 /* Build configuration list for PBXProject "Femhoot" */;
			compatibilityVersion = "Xcode 13.0";
			developmentRegion = en;
			hasScannedForEncodings = 0;
			knownRegions = (
				en,
				Base,
			);
			mainGroup = A77A47FD279D5BC1006BD5A2;
			packageReferences = (
				FCDFE297279D74D3001E491F /* XCRemoteSwiftPackageReference "lottie-ios" */,
			);
			productRefGroup = A77A4807279D5BC1006BD5A2 /* Products */;
			projectDirPath = "";
			projectRoot = "";
			targets = (
				A77A4805279D5BC1006BD5A2 /* Femhoot */,
			);
		};
/* End PBXProject section */

/* Begin PBXResourcesBuildPhase section */
		A77A4804279D5BC1006BD5A2 /* Resources */ = {
			isa = PBXResourcesBuildPhase;
			buildActionMask = 2147483647;
			files = (
				A77A4818279D6679006BD5A2 /* ColorAsset.xcassets in Resources */,
				A77A4811279D5BC5006BD5A2 /* Preview Assets.xcassets in Resources */,
				A77A480E279D5BC5006BD5A2 /* Assets.xcassets in Resources */,
				A78BD88C279D931700ED4CFA /* questions.json in Resources */,
				FCDFE2A0279D76FB001E491F /* apple.json in Resources */,
				A77A482F279D7F9F006BD5A2 /* facts.json in Resources */,
			);
			runOnlyForDeploymentPostprocessing = 0;
		};
/* End PBXResourcesBuildPhase section */

/* Begin PBXSourcesBuildPhase section */
		A77A4802279D5BC1006BD5A2 /* Sources */ = {
			isa = PBXSourcesBuildPhase;
			buildActionMask = 2147483647;
			files = (
				FCDFE29D279D7524001E491F /* LottieView.swift in Sources */,
				FCDFE2A7279D7F7A001E491F /* FemhootView.swift in Sources */,
				FCDFE2A2279D7A2C001E491F /* UserView.swift in Sources */,
				A77A481D279D673D006BD5A2 /* ColorExtension.swift in Sources */,
				A77A482B279D7B7C006BD5A2 /* Fact.swift in Sources */,
				A77A480C279D5BC1006BD5A2 /* ContentView.swift in Sources */,
				FCDFE296279D6AE4001E491F /* LoginView.swift in Sources */,
				A77A4828279D79A4006BD5A2 /* FactsViewModel.swift in Sources */,
				A77A4825279D77E4006BD5A2 /* FactsView.swift in Sources */,
				A77A480A279D5BC1006BD5A2 /* FemhootApp.swift in Sources */,
				FCDFE2A5279D7F50001E491F /* UserDataView.swift in Sources */,
				FCDFE2A9279D8111001E491F /* NavigationExtension.swift in Sources */,
				A77A4831279D7FB3006BD5A2 /* JsonBundle.swift in Sources */,
			);
			runOnlyForDeploymentPostprocessing = 0;
		};
/* End PBXSourcesBuildPhase section */

/* Begin XCBuildConfiguration section */
		A77A4812279D5BC5006BD5A2 /* Debug */ = {
			isa = XCBuildConfiguration;
			buildSettings = {
				ALWAYS_SEARCH_USER_PATHS = NO;
				CLANG_ANALYZER_NONNULL = YES;
				CLANG_ANALYZER_NUMBER_OBJECT_CONVERSION = YES_AGGRESSIVE;
				CLANG_CXX_LANGUAGE_STANDARD = "gnu++17";
				CLANG_CXX_LIBRARY = "libc++";
				CLANG_ENABLE_MODULES = YES;
				CLANG_ENABLE_OBJC_ARC = YES;
				CLANG_ENABLE_OBJC_WEAK = YES;
				CLANG_WARN_BLOCK_CAPTURE_AUTORELEASING = YES;
				CLANG_WARN_BOOL_CONVERSION = YES;
				CLANG_WARN_COMMA = YES;
				CLANG_WARN_CONSTANT_CONVERSION = YES;
				CLANG_WARN_DEPRECATED_OBJC_IMPLEMENTATIONS = YES;
				CLANG_WARN_DIRECT_OBJC_ISA_USAGE = YES_ERROR;
				CLANG_WARN_DOCUMENTATION_COMMENTS = YES;
				CLANG_WARN_EMPTY_BODY = YES;
				CLANG_WARN_ENUM_CONVERSION = YES;
				CLANG_WARN_INFINITE_RECURSION = YES;
				CLANG_WARN_INT_CONVERSION = YES;
				CLANG_WARN_NON_LITERAL_NULL_CONVERSION = YES;
				CLANG_WARN_OBJC_IMPLICIT_RETAIN_SELF = YES;
				CLANG_WARN_OBJC_LITERAL_CONVERSION = YES;
				CLANG_WARN_OBJC_ROOT_CLASS = YES_ERROR;
				CLANG_WARN_QUOTED_INCLUDE_IN_FRAMEWORK_HEADER = YES;
				CLANG_WARN_RANGE_LOOP_ANALYSIS = YES;
				CLANG_WARN_STRICT_PROTOTYPES = YES;
				CLANG_WARN_SUSPICIOUS_MOVE = YES;
				CLANG_WARN_UNGUARDED_AVAILABILITY = YES_AGGRESSIVE;
				CLANG_WARN_UNREACHABLE_CODE = YES;
				CLANG_WARN__DUPLICATE_METHOD_MATCH = YES;
				COPY_PHASE_STRIP = NO;
				DEBUG_INFORMATION_FORMAT = dwarf;
				ENABLE_STRICT_OBJC_MSGSEND = YES;
				ENABLE_TESTABILITY = YES;
				GCC_C_LANGUAGE_STANDARD = gnu11;
				GCC_DYNAMIC_NO_PIC = NO;
				GCC_NO_COMMON_BLOCKS = YES;
				GCC_OPTIMIZATION_LEVEL = 0;
				GCC_PREPROCESSOR_DEFINITIONS = (
					"DEBUG=1",
					"$(inherited)",
				);
				GCC_WARN_64_TO_32_BIT_CONVERSION = YES;
				GCC_WARN_ABOUT_RETURN_TYPE = YES_ERROR;
				GCC_WARN_UNDECLARED_SELECTOR = YES;
				GCC_WARN_UNINITIALIZED_AUTOS = YES_AGGRESSIVE;
				GCC_WARN_UNUSED_FUNCTION = YES;
				GCC_WARN_UNUSED_VARIABLE = YES;
				IPHONEOS_DEPLOYMENT_TARGET = 15.0;
				MTL_ENABLE_DEBUG_INFO = INCLUDE_SOURCE;
				MTL_FAST_MATH = YES;
				ONLY_ACTIVE_ARCH = YES;
				SDKROOT = iphoneos;
				SWIFT_ACTIVE_COMPILATION_CONDITIONS = DEBUG;
				SWIFT_OPTIMIZATION_LEVEL = "-Onone";
			};
			name = Debug;
		};
		A77A4813279D5BC5006BD5A2 /* Release */ = {
			isa = XCBuildConfiguration;
			buildSettings = {
				ALWAYS_SEARCH_USER_PATHS = NO;
				CLANG_ANALYZER_NONNULL = YES;
				CLANG_ANALYZER_NUMBER_OBJECT_CONVERSION = YES_AGGRESSIVE;
				CLANG_CXX_LANGUAGE_STANDARD = "gnu++17";
				CLANG_CXX_LIBRARY = "libc++";
				CLANG_ENABLE_MODULES = YES;
				CLANG_ENABLE_OBJC_ARC = YES;
				CLANG_ENABLE_OBJC_WEAK = YES;
				CLANG_WARN_BLOCK_CAPTURE_AUTORELEASING = YES;
				CLANG_WARN_BOOL_CONVERSION = YES;
				CLANG_WARN_COMMA = YES;
				CLANG_WARN_CONSTANT_CONVERSION = YES;
				CLANG_WARN_DEPRECATED_OBJC_IMPLEMENTATIONS = YES;
				CLANG_WARN_DIRECT_OBJC_ISA_USAGE = YES_ERROR;
				CLANG_WARN_DOCUMENTATION_COMMENTS = YES;
				CLANG_WARN_EMPTY_BODY = YES;
				CLANG_WARN_ENUM_CONVERSION = YES;
				CLANG_WARN_INFINITE_RECURSION = YES;
				CLANG_WARN_INT_CONVERSION = YES;
				CLANG_WARN_NON_LITERAL_NULL_CONVERSION = YES;
				CLANG_WARN_OBJC_IMPLICIT_RETAIN_SELF = YES;
				CLANG_WARN_OBJC_LITERAL_CONVERSION = YES;
				CLANG_WARN_OBJC_ROOT_CLASS = YES_ERROR;
				CLANG_WARN_QUOTED_INCLUDE_IN_FRAMEWORK_HEADER = YES;
				CLANG_WARN_RANGE_LOOP_ANALYSIS = YES;
				CLANG_WARN_STRICT_PROTOTYPES = YES;
				CLANG_WARN_SUSPICIOUS_MOVE = YES;
				CLANG_WARN_UNGUARDED_AVAILABILITY = YES_AGGRESSIVE;
				CLANG_WARN_UNREACHABLE_CODE = YES;
				CLANG_WARN__DUPLICATE_METHOD_MATCH = YES;
				COPY_PHASE_STRIP = NO;
				DEBUG_INFORMATION_FORMAT = "dwarf-with-dsym";
				ENABLE_NS_ASSERTIONS = NO;
				ENABLE_STRICT_OBJC_MSGSEND = YES;
				GCC_C_LANGUAGE_STANDARD = gnu11;
				GCC_NO_COMMON_BLOCKS = YES;
				GCC_WARN_64_TO_32_BIT_CONVERSION = YES;
				GCC_WARN_ABOUT_RETURN_TYPE = YES_ERROR;
				GCC_WARN_UNDECLARED_SELECTOR = YES;
				GCC_WARN_UNINITIALIZED_AUTOS = YES_AGGRESSIVE;
				GCC_WARN_UNUSED_FUNCTION = YES;
				GCC_WARN_UNUSED_VARIABLE = YES;
				IPHONEOS_DEPLOYMENT_TARGET = 15.0;
				MTL_ENABLE_DEBUG_INFO = NO;
				MTL_FAST_MATH = YES;
				SDKROOT = iphoneos;
				SWIFT_COMPILATION_MODE = wholemodule;
				SWIFT_OPTIMIZATION_LEVEL = "-O";
				VALIDATE_PRODUCT = YES;
			};
			name = Release;
		};
		A77A4815279D5BC5006BD5A2 /* Debug */ = {
			isa = XCBuildConfiguration;
			buildSettings = {
				ASSETCATALOG_COMPILER_APPICON_NAME = AppIcon;
				ASSETCATALOG_COMPILER_GLOBAL_ACCENT_COLOR_NAME = AccentColor;
				CODE_SIGN_STYLE = Automatic;
				CURRENT_PROJECT_VERSION = 1;
				DEVELOPMENT_ASSET_PATHS = "\"Femhoot/Preview Content\"";
				DEVELOPMENT_TEAM = F3Y5649G7F;
				ENABLE_PREVIEWS = YES;
				GENERATE_INFOPLIST_FILE = YES;
				INFOPLIST_KEY_UIApplicationSceneManifest_Generation = YES;
				INFOPLIST_KEY_UIApplicationSupportsIndirectInputEvents = YES;
				INFOPLIST_KEY_UILaunchScreen_Generation = YES;
				INFOPLIST_KEY_UISupportedInterfaceOrientations_iPad = "UIInterfaceOrientationPortrait UIInterfaceOrientationPortraitUpsideDown UIInterfaceOrientationLandscapeLeft UIInterfaceOrientationLandscapeRight";
				INFOPLIST_KEY_UISupportedInterfaceOrientations_iPhone = "UIInterfaceOrientationPortrait UIInterfaceOrientationLandscapeLeft UIInterfaceOrientationLandscapeRight";
				IPHONEOS_DEPLOYMENT_TARGET = 14.0;
				LD_RUNPATH_SEARCH_PATHS = (
					"$(inherited)",
					"@executable_path/Frameworks",
				);
				MARKETING_VERSION = 1.0;
				PRODUCT_BUNDLE_IDENTIFIER = silvia.Femhoot;
				PRODUCT_NAME = "$(TARGET_NAME)";
				SWIFT_EMIT_LOC_STRINGS = YES;
				SWIFT_VERSION = 5.0;
				TARGETED_DEVICE_FAMILY = "1,2";
			};
			name = Debug;
		};
		A77A4816279D5BC5006BD5A2 /* Release */ = {
			isa = XCBuildConfiguration;
			buildSettings = {
				ASSETCATALOG_COMPILER_APPICON_NAME = AppIcon;
				ASSETCATALOG_COMPILER_GLOBAL_ACCENT_COLOR_NAME = AccentColor;
				CODE_SIGN_STYLE = Automatic;
				CURRENT_PROJECT_VERSION = 1;
				DEVELOPMENT_ASSET_PATHS = "\"Femhoot/Preview Content\"";
				DEVELOPMENT_TEAM = F3Y5649G7F;
				ENABLE_PREVIEWS = YES;
				GENERATE_INFOPLIST_FILE = YES;
				INFOPLIST_KEY_UIApplicationSceneManifest_Generation = YES;
				INFOPLIST_KEY_UIApplicationSupportsIndirectInputEvents = YES;
				INFOPLIST_KEY_UILaunchScreen_Generation = YES;
				INFOPLIST_KEY_UISupportedInterfaceOrientations_iPad = "UIInterfaceOrientationPortrait UIInterfaceOrientationPortraitUpsideDown UIInterfaceOrientationLandscapeLeft UIInterfaceOrientationLandscapeRight";
				INFOPLIST_KEY_UISupportedInterfaceOrientations_iPhone = "UIInterfaceOrientationPortrait UIInterfaceOrientationLandscapeLeft UIInterfaceOrientationLandscapeRight";
				IPHONEOS_DEPLOYMENT_TARGET = 14.0;
				LD_RUNPATH_SEARCH_PATHS = (
					"$(inherited)",
					"@executable_path/Frameworks",
				);
				MARKETING_VERSION = 1.0;
				PRODUCT_BUNDLE_IDENTIFIER = silvia.Femhoot;
				PRODUCT_NAME = "$(TARGET_NAME)";
				SWIFT_EMIT_LOC_STRINGS = YES;
				SWIFT_VERSION = 5.0;
				TARGETED_DEVICE_FAMILY = "1,2";
			};
			name = Release;
		};
/* End XCBuildConfiguration section */

/* Begin XCConfigurationList section */
		A77A4801279D5BC1006BD5A2 /* Build configuration list for PBXProject "Femhoot" */ = {
			isa = XCConfigurationList;
			buildConfigurations = (
				A77A4812279D5BC5006BD5A2 /* Debug */,
				A77A4813279D5BC5006BD5A2 /* Release */,
			);
			defaultConfigurationIsVisible = 0;
			defaultConfigurationName = Release;
		};
		A77A4814279D5BC5006BD5A2 /* Build configuration list for PBXNativeTarget "Femhoot" */ = {
			isa = XCConfigurationList;
			buildConfigurations = (
				A77A4815279D5BC5006BD5A2 /* Debug */,
				A77A4816279D5BC5006BD5A2 /* Release */,
			);
			defaultConfigurationIsVisible = 0;
			defaultConfigurationName = Release;
		};
/* End XCConfigurationList section */

/* Begin XCRemoteSwiftPackageReference section */
		FCDFE297279D74D3001E491F /* XCRemoteSwiftPackageReference "lottie-ios" */ = {
			isa = XCRemoteSwiftPackageReference;
			repositoryURL = "https://github.com/airbnb/lottie-ios";
			requirement = {
				kind = upToNextMajorVersion;
				minimumVersion = 3.0.0;
			};
		};
/* End XCRemoteSwiftPackageReference section */

/* Begin XCSwiftPackageProductDependency section */
		FCDFE298279D74D3001E491F /* Lottie */ = {
			isa = XCSwiftPackageProductDependency;
			package = FCDFE297279D74D3001E491F /* XCRemoteSwiftPackageReference "lottie-ios" */;
			productName = Lottie;
		};
/* End XCSwiftPackageProductDependency section */
	};
	rootObject = A77A47FE279D5BC1006BD5A2 /* Project object */;
}
